
Microsoft Visual Studio Solution File, Format Version 12.00
# Visual Studio 15
VisualStudioVersion = 15.0.27130.2036
MinimumVisualStudioVersion = 10.0.40219.1
Project("{FAE04EC0-301F-11D3-BF4B-00C04F79EFBC}") = "ConsoleTorrentClient", "ConsoleTorrentClient\ConsoleTorrentClient.csproj", "{D310901E-2B23-4C65-884A-9AE168B74850}"
EndProject
Global
	GlobalSection(SolutionConfigurationPlatforms) = preSolution
		Debug|Any CPU = Debug|Any CPU
		Release|Any CPU = Release|Any CPU
	EndGlobalSection
	GlobalSection(ProjectConfigurationPlatforms) = postSolution
		{D310901E-2B23-4C65-884A-9AE168B74850}.Debug|Any CPU.ActiveCfg = Debug|Any CPU
		{D310901E-2B23-4C65-884A-9AE168B74850}.Debug|Any CPU.Build.0 = Debug|Any CPU
		{D310901E-2B23-4C65-884A-9AE168B74850}.Release|Any CPU.ActiveCfg = Release|Any CPU
		{D310901E-2B23-4C65-884A-9AE168B74850}.Release|Any CPU.Build.0 = Release|Any CPU
	EndGlobalSection
	GlobalSection(SolutionProperties) = preSolution
		HideSolutionNode = FALSE
	EndGlobalSection
	GlobalSection(ExtensibilityGlobals) = postSolution
		SolutionGuid = {7AD3C1DF-C737-47E8-B5BE-5E48B3FF8453}
	EndGlobalSection
EndGlobal
